// !$*UTF8*$!
{
	archiveVersion = 1;
	classes = {
	};
	objectVersion = 50;
	objects = {

/* Begin PBXBuildFile section */
		C1F7592425973B1F007DF4FD /* AppDelegate.swift in Sources */ = {isa = PBXBuildFile; fileRef = C1F7592325973B1F007DF4FD /* AppDelegate.swift */; };
		C1F7592625973B1F007DF4FD /* SceneDelegate.swift in Sources */ = {isa = PBXBuildFile; fileRef = C1F7592525973B1F007DF4FD /* SceneDelegate.swift */; };
		C1F7592825973B1F007DF4FD /* ViewController.swift in Sources */ = {isa = PBXBuildFile; fileRef = C1F7592725973B1F007DF4FD /* ViewController.swift */; };
		C1F7592B25973B1F007DF4FD /* Main.storyboard in Resources */ = {isa = PBXBuildFile; fileRef = C1F7592925973B1F007DF4FD /* Main.storyboard */; };
		C1F7592D25973B41007DF4FD /* Assets.xcassets in Resources */ = {isa = PBXBuildFile; fileRef = C1F7592C25973B41007DF4FD /* Assets.xcassets */; };
		C1F7593025973B41007DF4FD /* LaunchScreen.storyboard in Resources */ = {isa = PBXBuildFile; fileRef = C1F7592E25973B41007DF4FD /* LaunchScreen.storyboard */; };
		C1F75A1925974C2D007DF4FD /* G.wav in Resources */ = {isa = PBXBuildFile; fileRef = C1F75A1225974C2C007DF4FD /* G.wav */; };
		C1F75A1A25974C2D007DF4FD /* B.wav in Resources */ = {isa = PBXBuildFile; fileRef = C1F75A1325974C2D007DF4FD /* B.wav */; };
		C1F75A1B25974C2D007DF4FD /* A.wav in Resources */ = {isa = PBXBuildFile; fileRef = C1F75A1425974C2D007DF4FD /* A.wav */; };
		C1F75A1C25974C2D007DF4FD /* D.wav in Resources */ = {isa = PBXBuildFile; fileRef = C1F75A1525974C2D007DF4FD /* D.wav */; };
		C1F75A1D25974C2D007DF4FD /* F.wav in Resources */ = {isa = PBXBuildFile; fileRef = C1F75A1625974C2D007DF4FD /* F.wav */; };
		C1F75A1E25974C2D007DF4FD /* E.wav in Resources */ = {isa = PBXBuildFile; fileRef = C1F75A1725974C2D007DF4FD /* E.wav */; };
		C1F75A1F25974C2D007DF4FD /* C.wav in Resources */ = {isa = PBXBuildFile; fileRef = C1F75A1825974C2D007DF4FD /* C.wav */; };
/* End PBXBuildFile section */

/* Begin PBXFileReference section */
		C1F7592025973B1F007DF4FD /* Xiliphone-Hanshack.app */ = {isa = PBXFileReference; explicitFileType = wrapper.application; includeInIndex = 0; path = "Xiliphone-Hanshack.app"; sourceTree = BUILT_PRODUCTS_DIR; };
		C1F7592325973B1F007DF4FD /* AppDelegate.swift */ = {isa = PBXFileReference; lastKnownFileType = sourcecode.swift; path = AppDelegate.swift; sourceTree = "<group>"; };
		C1F7592525973B1F007DF4FD /* SceneDelegate.swift */ = {isa = PBXFileReference; lastKnownFileType = sourcecode.swift; path = SceneDelegate.swift; sourceTree = "<group>"; };
		C1F7592725973B1F007DF4FD /* ViewController.swift */ = {isa = PBXFileReference; lastKnownFileType = sourcecode.swift; path = ViewController.swift; sourceTree = "<group>"; };
		C1F7592A25973B1F007DF4FD /* Base */ = {isa = PBXFileReference; lastKnownFileType = file.storyboard; name = Base; path = Base.lproj/Main.storyboard; sourceTree = "<group>"; };
		C1F7592C25973B41007DF4FD /* Assets.xcassets */ = {isa = PBXFileReference; lastKnownFileType = folder.assetcatalog; path = Assets.xcassets; sourceTree = "<group>"; };
		C1F7592F25973B41007DF4FD /* Base */ = {isa = PBXFileReference; lastKnownFileType = file.storyboard; name = Base; path = Base.lproj/LaunchScreen.storyboard; sourceTree = "<group>"; };
		C1F7593125973B41007DF4FD /* Info.plist */ = {isa = PBXFileReference; lastKnownFileType = text.plist.xml; path = Info.plist; sourceTree = "<group>"; };
		C1F75A1225974C2C007DF4FD /* G.wav */ = {isa = PBXFileReference; lastKnownFileType = audio.wav; path = G.wav; sourceTree = "<group>"; };
		C1F75A1325974C2D007DF4FD /* B.wav */ = {isa = PBXFileReference; lastKnownFileType = audio.wav; path = B.wav; sourceTree = "<group>"; };
		C1F75A1425974C2D007DF4FD /* A.wav */ = {isa = PBXFileReference; lastKnownFileType = audio.wav; path = A.wav; sourceTree = "<group>"; };
		C1F75A1525974C2D007DF4FD /* D.wav */ = {isa = PBXFileReference; lastKnownFileType = audio.wav; path = D.wav; sourceTree = "<group>"; };
		C1F75A1625974C2D007DF4FD /* F.wav */ = {isa = PBXFileReference; lastKnownFileType = audio.wav; path = F.wav; sourceTree = "<group>"; };
		C1F75A1725974C2D007DF4FD /* E.wav */ = {isa = PBXFileReference; lastKnownFileType = audio.wav; path = E.wav; sourceTree = "<group>"; };
		C1F75A1825974C2D007DF4FD /* C.wav */ = {isa = PBXFileReference; lastKnownFileType = audio.wav; path = C.wav; sourceTree = "<group>"; };
/* End PBXFileReference section */

/* Begin PBXFrameworksBuildPhase section */
		C1F7591D25973B1F007DF4FD /* Frameworks */ = {
			isa = PBXFrameworksBuildPhase;
			buildActionMask = 2147483647;
			files = (
			);
			runOnlyForDeploymentPostprocessing = 0;
		};
/* End PBXFrameworksBuildPhase section */

/* Begin PBXGroup section */
		C1F7591725973B1E007DF4FD = {
			isa = PBXGroup;
			children = (
				C1F7592225973B1F007DF4FD /* Xiliphone-Hanshack */,
				C1F7592125973B1F007DF4FD /* Products */,
			);
			sourceTree = "<group>";
		};
		C1F7592125973B1F007DF4FD /* Products */ = {
			isa = PBXGroup;
			children = (
				C1F7592025973B1F007DF4FD /* Xiliphone-Hanshack.app */,
			);
			name = Products;
			sourceTree = "<group>";
		};
		C1F7592225973B1F007DF4FD /* Xiliphone-Hanshack */ = {
			isa = PBXGroup;
			children = (
				C1F7592325973B1F007DF4FD /* AppDelegate.swift */,
				C1F7592525973B1F007DF4FD /* SceneDelegate.swift */,
				C1F7592725973B1F007DF4FD /* ViewController.swift */,
				C1F7592925973B1F007DF4FD /* Main.storyboard */,
				C1F7592C25973B41007DF4FD /* Assets.xcassets */,
				C1F7592E25973B41007DF4FD /* LaunchScreen.storyboard */,
				C1F7593125973B41007DF4FD /* Info.plist */,
				C1F75A2125974C44007DF4FD /* Sounds */,
			);
			path = "Xiliphone-Hanshack";
			sourceTree = "<group>";
		};
		C1F75A2125974C44007DF4FD /* Sounds */ = {
			isa = PBXGroup;
			children = (
				C1F75A1425974C2D007DF4FD /* A.wav */,
				C1F75A1325974C2D007DF4FD /* B.wav */,
				C1F75A1825974C2D007DF4FD /* C.wav */,
				C1F75A1525974C2D007DF4FD /* D.wav */,
				C1F75A1725974C2D007DF4FD /* E.wav */,
				C1F75A1625974C2D007DF4FD /* F.wav */,
				C1F75A1225974C2C007DF4FD /* G.wav */,
			);
			path = Sounds;
			sourceTree = "<group>";
		};
/* End PBXGroup section */

/* Begin PBXNativeTarget section */
		C1F7591F25973B1F007DF4FD /* Xiliphone-Hanshack */ = {
			isa = PBXNativeTarget;
			buildConfigurationList = C1F7593425973B41007DF4FD /* Build configuration list for PBXNativeTarget "Xiliphone-Hanshack" */;
			buildPhases = (
				C1F7591C25973B1F007DF4FD /* Sources */,
				C1F7591D25973B1F007DF4FD /* Frameworks */,
				C1F7591E25973B1F007DF4FD /* Resources */,
			);
			buildRules = (
			);
			dependencies = (
			);
			name = "Xiliphone-Hanshack";
			productName = "Xiliphone-Hanshack";
			productReference = C1F7592025973B1F007DF4FD /* Xiliphone-Hanshack.app */;
			productType = "com.apple.product-type.application";
		};
/* End PBXNativeTarget section */

/* Begin PBXProject section */
		C1F7591825973B1E007DF4FD /* Project object */ = {
			isa = PBXProject;
			attributes = {
				LastSwiftUpdateCheck = 1230;
				LastUpgradeCheck = 1230;
				TargetAttributes = {
					C1F7591F25973B1F007DF4FD = {
						CreatedOnToolsVersion = 12.3;
					};
				};
			};
			buildConfigurationList = C1F7591B25973B1E007DF4FD /* Build configuration list for PBXProject "Xiliphone-Hanshack" */;
			compatibilityVersion = "Xcode 9.3";
			developmentRegion = en;
			hasScannedForEncodings = 0;
			knownRegions = (
				en,
				Base,
			);
			mainGroup = C1F7591725973B1E007DF4FD;
			productRefGroup = C1F7592125973B1F007DF4FD /* Products */;
			projectDirPath = "";
			projectRoot = "";
			targets = (
				C1F7591F25973B1F007DF4FD /* Xiliphone-Hanshack */,
			);
		};
/* End PBXProject section */

/* Begin PBXResourcesBuildPhase section */
		C1F7591E25973B1F007DF4FD /* Resources */ = {
			isa = PBXResourcesBuildPhase;
			buildActionMask = 2147483647;
			files = (
				C1F75A1B25974C2D007DF4FD /* A.wav in Resources */,
				C1F75A1925974C2D007DF4FD /* G.wav in Resources */,
				C1F75A1C25974C2D007DF4FD /* D.wav in Resources */,
				C1F75A1A25974C2D007DF4FD /* B.wav in Resources */,
				C1F75A1F25974C2D007DF4FD /* C.wav in Resources */,
				C1F7593025973B41007DF4FD /* LaunchScreen.storyboard in Resources */,
				C1F7592D25973B41007DF4FD /* Assets.xcassets in Resources */,
				C1F75A1E25974C2D007DF4FD /* E.wav in Resources */,
				C1F7592B25973B1F007DF4FD /* Main.storyboard in Resources */,
				C1F75A1D25974C2D007DF4FD /* F.wav in Resources */,
			);
			runOnlyForDeploymentPostprocessing = 0;
		};
/* End PBXResourcesBuildPhase section */

/* Begin PBXSourcesBuildPhase section */
		C1F7591C25973B1F007DF4FD /* Sources */ = {
			isa = PBXSourcesBuildPhase;
			buildActionMask = 2147483647;
			files = (
				C1F7592825973B1F007DF4FD /* ViewController.swift in Sources */,
				C1F7592425973B1F007DF4FD /* AppDelegate.swift in Sources */,
				C1F7592625973B1F007DF4FD /* SceneDelegate.swift in Sources */,
			);
			runOnlyForDeploymentPostprocessing = 0;
		};
/* End PBXSourcesBuildPhase section */

/* Begin PBXVariantGroup section */
		C1F7592925973B1F007DF4FD /* Main.storyboard */ = {
			isa = PBXVariantGroup;
			children = (
				C1F7592A25973B1F007DF4FD /* Base */,
			);
			name = Main.storyboard;
			sourceTree = "<group>";
		};
		C1F7592E25973B41007DF4FD /* LaunchScreen.storyboard */ = {
			isa = PBXVariantGroup;
			children = (
				C1F7592F25973B41007DF4FD /* Base */,
			);
			name = LaunchScreen.storyboard;
			sourceTree = "<group>";
		};
/* End PBXVariantGroup section */

/* Begin XCBuildConfiguration section */
		C1F7593225973B41007DF4FD /* Debug */ = {
			isa = XCBuildConfiguration;
			buildSettings = {
				ALWAYS_SEARCH_USER_PATHS = NO;
				CLANG_ANALYZER_NONNULL = YES;
				CLANG_ANALYZER_NUMBER_OBJECT_CONVERSION = YES_AGGRESSIVE;
				CLANG_CXX_LANGUAGE_STANDARD = "gnu++14";
				CLANG_CXX_LIBRARY = "libc++";
				CLANG_ENABLE_MODULES = YES;
				CLANG_ENABLE_OBJC_ARC = YES;
				CLANG_ENABLE_OBJC_WEAK = YES;
				CLANG_WARN_BLOCK_CAPTURE_AUTORELEASING = YES;
				CLANG_WARN_BOOL_CONVERSION = YES;
				CLANG_WARN_COMMA = YES;
				CLANG_WARN_CONSTANT_CONVERSION = YES;
				CLANG_WARN_DEPRECATED_OBJC_IMPLEMENTATIONS = YES;
				CLANG_WARN_DIRECT_OBJC_ISA_USAGE = YES_ERROR;
				CLANG_WARN_DOCUMENTATION_COMMENTS = YES;
				CLANG_WARN_EMPTY_BODY = YES;
				CLANG_WARN_ENUM_CONVERSION = YES;
				CLANG_WARN_INFINITE_RECURSION = YES;
				CLANG_WARN_INT_CONVERSION = YES;
				CLANG_WARN_NON_LITERAL_NULL_CONVERSION = YES;
				CLANG_WARN_OBJC_IMPLICIT_RETAIN_SELF = YES;
				CLANG_WARN_OBJC_LITERAL_CONVERSION = YES;
				CLANG_WARN_OBJC_ROOT_CLASS = YES_ERROR;
				CLANG_WARN_QUOTED_INCLUDE_IN_FRAMEWORK_HEADER = YES;
				CLANG_WARN_RANGE_LOOP_ANALYSIS = YES;
				CLANG_WARN_STRICT_PROTOTYPES = YES;
				CLANG_WARN_SUSPICIOUS_MOVE = YES;
				CLANG_WARN_UNGUARDED_AVAILABILITY = YES_AGGRESSIVE;
				CLANG_WARN_UNREACHABLE_CODE = YES;
				CLANG_WARN__DUPLICATE_METHOD_MATCH = YES;
				COPY_PHASE_STRIP = NO;
				DEBUG_INFORMATION_FORMAT = dwarf;
				ENABLE_STRICT_OBJC_MSGSEND = YES;
				ENABLE_TESTABILITY = YES;
				GCC_C_LANGUAGE_STANDARD = gnu11;
				GCC_DYNAMIC_NO_PIC = NO;
				GCC_NO_COMMON_BLOCKS = YES;
				GCC_OPTIMIZATION_LEVEL = 0;
				GCC_PREPROCESSOR_DEFINITIONS = (
					"DEBUG=1",
					"$(inherited)",
				);
				GCC_WARN_64_TO_32_BIT_CONVERSION = YES;
				GCC_WARN_ABOUT_RETURN_TYPE = YES_ERROR;
				GCC_WARN_UNDECLARED_SELECTOR = YES;
				GCC_WARN_UNINITIALIZED_AUTOS = YES_AGGRESSIVE;
				GCC_WARN_UNUSED_FUNCTION = YES;
				GCC_WARN_UNUSED_VARIABLE = YES;
				IPHONEOS_DEPLOYMENT_TARGET = 14.3;
				MTL_ENABLE_DEBUG_INFO = INCLUDE_SOURCE;
				MTL_FAST_MATH = YES;
				ONLY_ACTIVE_ARCH = YES;
				SDKROOT = iphoneos;
				SWIFT_ACTIVE_COMPILATION_CONDITIONS = DEBUG;
				SWIFT_OPTIMIZATION_LEVEL = "-Onone";
			};
			name = Debug;
		};
		C1F7593325973B41007DF4FD /* Release */ = {
			isa = XCBuildConfiguration;
			buildSettings = {
				ALWAYS_SEARCH_USER_PATHS = NO;
				CLANG_ANALYZER_NONNULL = YES;
				CLANG_ANALYZER_NUMBER_OBJECT_CONVERSION = YES_AGGRESSIVE;
				CLANG_CXX_LANGUAGE_STANDARD = "gnu++14";
				CLANG_CXX_LIBRARY = "libc++";
				CLANG_ENABLE_MODULES = YES;
				CLANG_ENABLE_OBJC_ARC = YES;
				CLANG_ENABLE_OBJC_WEAK = YES;
				CLANG_WARN_BLOCK_CAPTURE_AUTORELEASING = YES;
				CLANG_WARN_BOOL_CONVERSION = YES;
				CLANG_WARN_COMMA = YES;
				CLANG_WARN_CONSTANT_CONVERSION = YES;
				CLANG_WARN_DEPRECATED_OBJC_IMPLEMENTATIONS = YES;
				CLANG_WARN_DIRECT_OBJC_ISA_USAGE = YES_ERROR;
				CLANG_WARN_DOCUMENTATION_COMMENTS = YES;
				CLANG_WARN_EMPTY_BODY = YES;
				CLANG_WARN_ENUM_CONVERSION = YES;
				CLANG_WARN_INFINITE_RECURSION = YES;
				CLANG_WARN_INT_CONVERSION = YES;
				CLANG_WARN_NON_LITERAL_NULL_CONVERSION = YES;
				CLANG_WARN_OBJC_IMPLICIT_RETAIN_SELF = YES;
				CLANG_WARN_OBJC_LITERAL_CONVERSION = YES;
				CLANG_WARN_OBJC_ROOT_CLASS = YES_ERROR;
				CLANG_WARN_QUOTED_INCLUDE_IN_FRAMEWORK_HEADER = YES;
				CLANG_WARN_RANGE_LOOP_ANALYSIS = YES;
				CLANG_WARN_STRICT_PROTOTYPES = YES;
				CLANG_WARN_SUSPICIOUS_MOVE = YES;
				CLANG_WARN_UNGUARDED_AVAILABILITY = YES_AGGRESSIVE;
				CLANG_WARN_UNREACHABLE_CODE = YES;
				CLANG_WARN__DUPLICATE_METHOD_MATCH = YES;
				COPY_PHASE_STRIP = NO;
				DEBUG_INFORMATION_FORMAT = "dwarf-with-dsym";
				ENABLE_NS_ASSERTIONS = NO;
				ENABLE_STRICT_OBJC_MSGSEND = YES;
				GCC_C_LANGUAGE_STANDARD = gnu11;
				GCC_NO_COMMON_BLOCKS = YES;
				GCC_WARN_64_TO_32_BIT_CONVERSION = YES;
				GCC_WARN_ABOUT_RETURN_TYPE = YES_ERROR;
				GCC_WARN_UNDECLARED_SELECTOR = YES;
				GCC_WARN_UNINITIALIZED_AUTOS = YES_AGGRESSIVE;
				GCC_WARN_UNUSED_FUNCTION = YES;
				GCC_WARN_UNUSED_VARIABLE = YES;
				IPHONEOS_DEPLOYMENT_TARGET = 14.3;
				MTL_ENABLE_DEBUG_INFO = NO;
				MTL_FAST_MATH = YES;
				SDKROOT = iphoneos;
				SWIFT_COMPILATION_MODE = wholemodule;
				SWIFT_OPTIMIZATION_LEVEL = "-O";
				VALIDATE_PRODUCT = YES;
			};
			name = Release;
		};
		C1F7593525973B41007DF4FD /* Debug */ = {
			isa = XCBuildConfiguration;
			buildSettings = {
				ASSETCATALOG_COMPILER_APPICON_NAME = AppIcon;
				ASSETCATALOG_COMPILER_GLOBAL_ACCENT_COLOR_NAME = AccentColor;
				CODE_SIGN_STYLE = Automatic;
				DEVELOPMENT_TEAM = 67VPYHQXK6;
				INFOPLIST_FILE = "Xiliphone-Hanshack/Info.plist";
				LD_RUNPATH_SEARCH_PATHS = (
					"$(inherited)",
					"@executable_path/Frameworks",
				);
				PRODUCT_BUNDLE_IDENTIFIER = "nl.zuidbos.Xiliphone-Hanshack";
				PRODUCT_NAME = "$(TARGET_NAME)";
				SWIFT_VERSION = 5.0;
				TARGETED_DEVICE_FAMILY = "1,2";
			};
			name = Debug;
		};
		C1F7593625973B41007DF4FD /* Release */ = {
			isa = XCBuildConfiguration;
			buildSettings = {
				ASSETCATALOG_COMPILER_APPICON_NAME = AppIcon;
				ASSETCATALOG_COMPILER_GLOBAL_ACCENT_COLOR_NAME = AccentColor;
				CODE_SIGN_STYLE = Automatic;
				DEVELOPMENT_TEAM = 67VPYHQXK6;
				INFOPLIST_FILE = "Xiliphone-Hanshack/Info.plist";
				LD_RUNPATH_SEARCH_PATHS = (
					"$(inherited)",
					"@executable_path/Frameworks",
				);
				PRODUCT_BUNDLE_IDENTIFIER = "nl.zuidbos.Xiliphone-Hanshack";
				PRODUCT_NAME = "$(TARGET_NAME)";
				SWIFT_VERSION = 5.0;
				TARGETED_DEVICE_FAMILY = "1,2";
			};
			name = Release;
		};
/* End XCBuildConfiguration section */

/* Begin XCConfigurationList section */
		C1F7591B25973B1E007DF4FD /* Build configuration list for PBXProject "Xiliphone-Hanshack" */ = {
			isa = XCConfigurationList;
			buildConfigurations = (
				C1F7593225973B41007DF4FD /* Debug */,
				C1F7593325973B41007DF4FD /* Release */,
			);
			defaultConfigurationIsVisible = 0;
			defaultConfigurationName = Release;
		};
		C1F7593425973B41007DF4FD /* Build configuration list for PBXNativeTarget "Xiliphone-Hanshack" */ = {
			isa = XCConfigurationList;
			buildConfigurations = (
				C1F7593525973B41007DF4FD /* Debug */,
				C1F7593625973B41007DF4FD /* Release */,
			);
			defaultConfigurationIsVisible = 0;
			defaultConfigurationName = Release;
		};
/* End XCConfigurationList section */
	};
	rootObject = C1F7591825973B1E007DF4FD /* Project object */;
}
